
Microsoft Visual Studio Solution File, Format Version 12.00
# Visual Studio Version 16
VisualStudioVersion = 25.0.1703.0
MinimumVisualStudioVersion = 10.0.40219.1
Project("{F2A71F9B-5D33-465A-A702-920D77279786}") = "1.48", "1.48\1.48.fsproj", "{3EB3388F-6F44-4939-A37C-0CCF1148D13B}"
EndProject
Global
	GlobalSection(SolutionConfigurationPlatforms) = preSolution
		Debug|Any CPU = Debug|Any CPU
		Release|Any CPU = Release|Any CPU
	EndGlobalSection
	GlobalSection(ProjectConfigurationPlatforms) = postSolution
		{3EB3388F-6F44-4939-A37C-0CCF1148D13B}.Debug|Any CPU.ActiveCfg = Debug|Any CPU
		{3EB3388F-6F44-4939-A37C-0CCF1148D13B}.Debug|Any CPU.Build.0 = Debug|Any CPU
		{3EB3388F-6F44-4939-A37C-0CCF1148D13B}.Release|Any CPU.ActiveCfg = Release|Any CPU
		{3EB3388F-6F44-4939-A37C-0CCF1148D13B}.Release|Any CPU.Build.0 = Release|Any CPU
	EndGlobalSection
	GlobalSection(SolutionProperties) = preSolution
		HideSolutionNode = FALSE
	EndGlobalSection
	GlobalSection(ExtensibilityGlobals) = postSolution
		SolutionGuid = {FD03C052-BAB1-4C48-BE68-4263C6C7567F}
	EndGlobalSection
EndGlobal
