
Microsoft Visual Studio Solution File, Format Version 12.00
# Visual Studio Version 16
VisualStudioVersion = 25.0.1703.0
MinimumVisualStudioVersion = 10.0.40219.1
Project("{F2A71F9B-5D33-465A-A702-920D77279786}") = "1.23", "1.23\1.23.fsproj", "{12BFAC33-A49E-4C17-864A-76ED1F2B892A}"
EndProject
Global
	GlobalSection(SolutionConfigurationPlatforms) = preSolution
		Debug|Any CPU = Debug|Any CPU
		Release|Any CPU = Release|Any CPU
	EndGlobalSection
	GlobalSection(ProjectConfigurationPlatforms) = postSolution
		{12BFAC33-A49E-4C17-864A-76ED1F2B892A}.Debug|Any CPU.ActiveCfg = Debug|Any CPU
		{12BFAC33-A49E-4C17-864A-76ED1F2B892A}.Debug|Any CPU.Build.0 = Debug|Any CPU
		{12BFAC33-A49E-4C17-864A-76ED1F2B892A}.Release|Any CPU.ActiveCfg = Release|Any CPU
		{12BFAC33-A49E-4C17-864A-76ED1F2B892A}.Release|Any CPU.Build.0 = Release|Any CPU
	EndGlobalSection
	GlobalSection(SolutionProperties) = preSolution
		HideSolutionNode = FALSE
	EndGlobalSection
	GlobalSection(ExtensibilityGlobals) = postSolution
		SolutionGuid = {9388D598-3599-48E5-AFF9-31EF1151E2D1}
	EndGlobalSection
EndGlobal
