
Microsoft Visual Studio Solution File, Format Version 12.00
# Visual Studio Version 16
VisualStudioVersion = 25.0.1703.0
MinimumVisualStudioVersion = 10.0.40219.1
Project("{F2A71F9B-5D33-465A-A702-920D77279786}") = "1.21", "1.21\1.21.fsproj", "{A01E5376-5311-4505-B324-79CBD6563A56}"
EndProject
Global
	GlobalSection(SolutionConfigurationPlatforms) = preSolution
		Debug|Any CPU = Debug|Any CPU
		Release|Any CPU = Release|Any CPU
	EndGlobalSection
	GlobalSection(ProjectConfigurationPlatforms) = postSolution
		{A01E5376-5311-4505-B324-79CBD6563A56}.Debug|Any CPU.ActiveCfg = Debug|Any CPU
		{A01E5376-5311-4505-B324-79CBD6563A56}.Debug|Any CPU.Build.0 = Debug|Any CPU
		{A01E5376-5311-4505-B324-79CBD6563A56}.Release|Any CPU.ActiveCfg = Release|Any CPU
		{A01E5376-5311-4505-B324-79CBD6563A56}.Release|Any CPU.Build.0 = Release|Any CPU
	EndGlobalSection
	GlobalSection(SolutionProperties) = preSolution
		HideSolutionNode = FALSE
	EndGlobalSection
	GlobalSection(ExtensibilityGlobals) = postSolution
		SolutionGuid = {01411344-51FC-41DE-AFF7-1FE443CB50EA}
	EndGlobalSection
EndGlobal
