
Microsoft Visual Studio Solution File, Format Version 12.00
# Visual Studio Version 16
VisualStudioVersion = 25.0.1703.0
MinimumVisualStudioVersion = 10.0.40219.1
Project("{F2A71F9B-5D33-465A-A702-920D77279786}") = "1.43", "1.43\1.43.fsproj", "{258A7223-2D37-4B53-BE0B-06A877F96E61}"
EndProject
Global
	GlobalSection(SolutionConfigurationPlatforms) = preSolution
		Debug|Any CPU = Debug|Any CPU
		Release|Any CPU = Release|Any CPU
	EndGlobalSection
	GlobalSection(ProjectConfigurationPlatforms) = postSolution
		{258A7223-2D37-4B53-BE0B-06A877F96E61}.Debug|Any CPU.ActiveCfg = Debug|Any CPU
		{258A7223-2D37-4B53-BE0B-06A877F96E61}.Debug|Any CPU.Build.0 = Debug|Any CPU
		{258A7223-2D37-4B53-BE0B-06A877F96E61}.Release|Any CPU.ActiveCfg = Release|Any CPU
		{258A7223-2D37-4B53-BE0B-06A877F96E61}.Release|Any CPU.Build.0 = Release|Any CPU
	EndGlobalSection
	GlobalSection(SolutionProperties) = preSolution
		HideSolutionNode = FALSE
	EndGlobalSection
	GlobalSection(ExtensibilityGlobals) = postSolution
		SolutionGuid = {185B8B8D-4271-46AF-AD67-DFE938383CE0}
	EndGlobalSection
EndGlobal
