
Microsoft Visual Studio Solution File, Format Version 12.00
# Visual Studio Version 16
VisualStudioVersion = 25.0.1703.0
MinimumVisualStudioVersion = 10.0.40219.1
Project("{F2A71F9B-5D33-465A-A702-920D77279786}") = "1.47", "1.47\1.47.fsproj", "{98BFC8F5-F52C-4F1F-B18E-8B377D7EF868}"
EndProject
Global
	GlobalSection(SolutionConfigurationPlatforms) = preSolution
		Debug|Any CPU = Debug|Any CPU
		Release|Any CPU = Release|Any CPU
	EndGlobalSection
	GlobalSection(ProjectConfigurationPlatforms) = postSolution
		{98BFC8F5-F52C-4F1F-B18E-8B377D7EF868}.Debug|Any CPU.ActiveCfg = Debug|Any CPU
		{98BFC8F5-F52C-4F1F-B18E-8B377D7EF868}.Debug|Any CPU.Build.0 = Debug|Any CPU
		{98BFC8F5-F52C-4F1F-B18E-8B377D7EF868}.Release|Any CPU.ActiveCfg = Release|Any CPU
		{98BFC8F5-F52C-4F1F-B18E-8B377D7EF868}.Release|Any CPU.Build.0 = Release|Any CPU
	EndGlobalSection
	GlobalSection(SolutionProperties) = preSolution
		HideSolutionNode = FALSE
	EndGlobalSection
	GlobalSection(ExtensibilityGlobals) = postSolution
		SolutionGuid = {E3295D12-C83C-4B06-BC1B-0C6FBA4EB9EB}
	EndGlobalSection
EndGlobal
